schema: '2.0'
stages:
  preprocess:
    cmd: c:/Users/MAYANK/Desktop/MLOps-Practical/.venv/Scripts/python.exe 
      src/preprocess.py
    deps:
    - path: data/test.csv
      hash: md5
      md5: 445a542e105498dc63b1525a95020fd4
      size: 125
    - path: data/train.csv
      hash: md5
      md5: 4a9a4c20488ee875ffccc41db9968cee
      size: 206
    - path: src/preprocess.py
      hash: md5
      md5: eb2c5157bcb8ad228f167e16a5172c43
      size: 715
    params:
      params.yaml:
        preprocess:
          normalize: true
          test_size: 0.2
    outs:
    - path: data/processed_test.csv
      hash: md5
      md5: 506fa8fbd97bdf9edb11004e329da430
      size: 336
    - path: data/processed_train.csv
      hash: md5
      md5: 2f7c43e0cc6c0477273843b75493fd27
      size: 600
  train:
    cmd: c:/Users/MAYANK/Desktop/MLOps-Practical/.venv/Scripts/python.exe 
      src/train.py
    deps:
    - path: data/processed_train.csv
      hash: md5
      md5: 2f7c43e0cc6c0477273843b75493fd27
      size: 600
    - path: src/train.py
      hash: md5
      md5: a2426356d0b2977143b998820f56940f
      size: 1509
    params:
      params.yaml:
        train:
          epochs: 10
          learning_rate: 0.001
          batch_size: 32
    outs:
    - path: metrics/train_metrics.json
      hash: md5
      md5: 920a27a405c9543997a4b354d0a4ecb6
      size: 85
    - path: models/model_v1.txt
      hash: md5
      md5: 6d209018ba8cf0f7b68a98bc611899dc
      size: 180
  evaluate:
    cmd: c:/Users/MAYANK/Desktop/MLOps-Practical/.venv/Scripts/python.exe 
      src/evaluate.py
    deps:
    - path: data/processed_test.csv
      hash: md5
      md5: 506fa8fbd97bdf9edb11004e329da430
      size: 336
    - path: models/model_v1.txt
      hash: md5
      md5: 6d209018ba8cf0f7b68a98bc611899dc
      size: 180
    - path: src/evaluate.py
      hash: md5
      md5: 5802b923b08dbb6e0468faf537617c3e
      size: 851
    outs:
    - path: metrics/test_metrics.json
      hash: md5
      md5: c65388320885689dfcb19dc3f34d0112
      size: 113
